
Microsoft Visual Studio Solution File, Format Version 12.00
# Visual Studio 15
VisualStudioVersion = 15.0.27703.2026
MinimumVisualStudioVersion = 10.0.40219.1
Project("{151D2E53-A2C4-4D7D-83FE-D05416EBD58E}") = "FullResources", "FullResources\FullResources.deployproj", "{97739EFE-D239-4202-8CEE-AD3882BE0150}"
EndProject
Project("{151D2E53-A2C4-4D7D-83FE-D05416EBD58E}") = "WebApp", "WebApp\WebApp.deployproj", "{C6A4D21B-8039-4931-A72E-BC1B6D38D0EF}"
EndProject
Project("{151D2E53-A2C4-4D7D-83FE-D05416EBD58E}") = "Sendgrid", "Sendgrid\Sendgrid.deployproj", "{9005378F-6E2C-48EB-8FD2-CF11ADDCB989}"
EndProject
Project("{151D2E53-A2C4-4D7D-83FE-D05416EBD58E}") = "Storage", "Storage\Storage.deployproj", "{9627EDBA-B556-43D7-AEC6-1347A6655F36}"
EndProject
Project("{151D2E53-A2C4-4D7D-83FE-D05416EBD58E}") = "AzureFunctions", "AzureFunctions\AzureFunctions.deployproj", "{AC02746D-DB91-4230-96B6-CEC74FE74E75}"
EndProject
Project("{151D2E53-A2C4-4D7D-83FE-D05416EBD58E}") = "SqlServer", "SqlServer\SqlServer.deployproj", "{9BA45FD6-59D8-49E5-89F2-209CD2BD68F4}"
EndProject
Project("{151D2E53-A2C4-4D7D-83FE-D05416EBD58E}") = "CognitiveServices", "CognitiveServices\CognitiveServices.deployproj", "{CF2A106B-EB5D-4669-9994-4F5F21571A18}"
EndProject
Project("{151D2E53-A2C4-4D7D-83FE-D05416EBD58E}") = "AzureCosmosDB", "AzureCosmosDB\AzureCosmosDB.deployproj", "{C24427A3-B3CC-4EC5-BA60-3252BF2B15E4}"
EndProject
Project("{151D2E53-A2C4-4D7D-83FE-D05416EBD58E}") = "IOTHub", "IOTHub\IOTHub.deployproj", "{9AE53401-787D-4F98-8168-FA928D9D5EA6}"
EndProject
Project("{151D2E53-A2C4-4D7D-83FE-D05416EBD58E}") = "EventHub", "EventHub\EventHub.deployproj", "{03EFB2AE-2616-4A24-945E-04ECF2066AB8}"
EndProject
Project("{151D2E53-A2C4-4D7D-83FE-D05416EBD58E}") = "NotificationHub", "NotificationHub\NotificationHub.deployproj", "{A1B9AA5F-673A-4B3D-957E-324355AB0DF2}"
EndProject
Project("{151D2E53-A2C4-4D7D-83FE-D05416EBD58E}") = "ServiceBus", "ServiceBus\ServiceBus.deployproj", "{A636B899-2C2D-4B51-8222-D67FBA7ED894}"
EndProject
Project("{151D2E53-A2C4-4D7D-83FE-D05416EBD58E}") = "AzureMaps", "AzureMaps\AzureMaps.deployproj", "{43456530-3A8B-47ED-8ABA-2E27070E5C64}"
EndProject
Project("{151D2E53-A2C4-4D7D-83FE-D05416EBD58E}") = "LogicApp", "LogicApp\LogicApp.deployproj", "{0008E9A9-B4C4-479B-B401-459EEB686D03}"
EndProject
Global
	GlobalSection(SolutionConfigurationPlatforms) = preSolution
		Debug|Any CPU = Debug|Any CPU
		Release|Any CPU = Release|Any CPU
	EndGlobalSection
	GlobalSection(ProjectConfigurationPlatforms) = postSolution
		{97739EFE-D239-4202-8CEE-AD3882BE0150}.Debug|Any CPU.ActiveCfg = Debug|Any CPU
		{97739EFE-D239-4202-8CEE-AD3882BE0150}.Debug|Any CPU.Build.0 = Debug|Any CPU
		{97739EFE-D239-4202-8CEE-AD3882BE0150}.Release|Any CPU.ActiveCfg = Release|Any CPU
		{97739EFE-D239-4202-8CEE-AD3882BE0150}.Release|Any CPU.Build.0 = Release|Any CPU
		{C6A4D21B-8039-4931-A72E-BC1B6D38D0EF}.Debug|Any CPU.ActiveCfg = Debug|Any CPU
		{C6A4D21B-8039-4931-A72E-BC1B6D38D0EF}.Debug|Any CPU.Build.0 = Debug|Any CPU
		{C6A4D21B-8039-4931-A72E-BC1B6D38D0EF}.Release|Any CPU.ActiveCfg = Release|Any CPU
		{C6A4D21B-8039-4931-A72E-BC1B6D38D0EF}.Release|Any CPU.Build.0 = Release|Any CPU
		{9005378F-6E2C-48EB-8FD2-CF11ADDCB989}.Debug|Any CPU.ActiveCfg = Debug|Any CPU
		{9005378F-6E2C-48EB-8FD2-CF11ADDCB989}.Debug|Any CPU.Build.0 = Debug|Any CPU
		{9005378F-6E2C-48EB-8FD2-CF11ADDCB989}.Release|Any CPU.ActiveCfg = Release|Any CPU
		{9005378F-6E2C-48EB-8FD2-CF11ADDCB989}.Release|Any CPU.Build.0 = Release|Any CPU
		{9627EDBA-B556-43D7-AEC6-1347A6655F36}.Debug|Any CPU.ActiveCfg = Debug|Any CPU
		{9627EDBA-B556-43D7-AEC6-1347A6655F36}.Debug|Any CPU.Build.0 = Debug|Any CPU
		{9627EDBA-B556-43D7-AEC6-1347A6655F36}.Release|Any CPU.ActiveCfg = Release|Any CPU
		{9627EDBA-B556-43D7-AEC6-1347A6655F36}.Release|Any CPU.Build.0 = Release|Any CPU
		{AC02746D-DB91-4230-96B6-CEC74FE74E75}.Debug|Any CPU.ActiveCfg = Debug|Any CPU
		{AC02746D-DB91-4230-96B6-CEC74FE74E75}.Debug|Any CPU.Build.0 = Debug|Any CPU
		{AC02746D-DB91-4230-96B6-CEC74FE74E75}.Release|Any CPU.ActiveCfg = Release|Any CPU
		{AC02746D-DB91-4230-96B6-CEC74FE74E75}.Release|Any CPU.Build.0 = Release|Any CPU
		{9BA45FD6-59D8-49E5-89F2-209CD2BD68F4}.Debug|Any CPU.ActiveCfg = Debug|Any CPU
		{9BA45FD6-59D8-49E5-89F2-209CD2BD68F4}.Debug|Any CPU.Build.0 = Debug|Any CPU
		{9BA45FD6-59D8-49E5-89F2-209CD2BD68F4}.Release|Any CPU.ActiveCfg = Release|Any CPU
		{9BA45FD6-59D8-49E5-89F2-209CD2BD68F4}.Release|Any CPU.Build.0 = Release|Any CPU
		{CF2A106B-EB5D-4669-9994-4F5F21571A18}.Debug|Any CPU.ActiveCfg = Debug|Any CPU
		{CF2A106B-EB5D-4669-9994-4F5F21571A18}.Debug|Any CPU.Build.0 = Debug|Any CPU
		{CF2A106B-EB5D-4669-9994-4F5F21571A18}.Release|Any CPU.ActiveCfg = Release|Any CPU
		{CF2A106B-EB5D-4669-9994-4F5F21571A18}.Release|Any CPU.Build.0 = Release|Any CPU
		{C24427A3-B3CC-4EC5-BA60-3252BF2B15E4}.Debug|Any CPU.ActiveCfg = Debug|Any CPU
		{C24427A3-B3CC-4EC5-BA60-3252BF2B15E4}.Debug|Any CPU.Build.0 = Debug|Any CPU
		{C24427A3-B3CC-4EC5-BA60-3252BF2B15E4}.Release|Any CPU.ActiveCfg = Release|Any CPU
		{C24427A3-B3CC-4EC5-BA60-3252BF2B15E4}.Release|Any CPU.Build.0 = Release|Any CPU
		{9AE53401-787D-4F98-8168-FA928D9D5EA6}.Debug|Any CPU.ActiveCfg = Debug|Any CPU
		{9AE53401-787D-4F98-8168-FA928D9D5EA6}.Debug|Any CPU.Build.0 = Debug|Any CPU
		{9AE53401-787D-4F98-8168-FA928D9D5EA6}.Release|Any CPU.ActiveCfg = Release|Any CPU
		{9AE53401-787D-4F98-8168-FA928D9D5EA6}.Release|Any CPU.Build.0 = Release|Any CPU
		{03EFB2AE-2616-4A24-945E-04ECF2066AB8}.Debug|Any CPU.ActiveCfg = Debug|Any CPU
		{03EFB2AE-2616-4A24-945E-04ECF2066AB8}.Debug|Any CPU.Build.0 = Debug|Any CPU
		{03EFB2AE-2616-4A24-945E-04ECF2066AB8}.Release|Any CPU.ActiveCfg = Release|Any CPU
		{03EFB2AE-2616-4A24-945E-04ECF2066AB8}.Release|Any CPU.Build.0 = Release|Any CPU
		{A1B9AA5F-673A-4B3D-957E-324355AB0DF2}.Debug|Any CPU.ActiveCfg = Debug|Any CPU
		{A1B9AA5F-673A-4B3D-957E-324355AB0DF2}.Debug|Any CPU.Build.0 = Debug|Any CPU
		{A1B9AA5F-673A-4B3D-957E-324355AB0DF2}.Release|Any CPU.ActiveCfg = Release|Any CPU
		{A1B9AA5F-673A-4B3D-957E-324355AB0DF2}.Release|Any CPU.Build.0 = Release|Any CPU
		{A636B899-2C2D-4B51-8222-D67FBA7ED894}.Debug|Any CPU.ActiveCfg = Debug|Any CPU
		{A636B899-2C2D-4B51-8222-D67FBA7ED894}.Debug|Any CPU.Build.0 = Debug|Any CPU
		{A636B899-2C2D-4B51-8222-D67FBA7ED894}.Release|Any CPU.ActiveCfg = Release|Any CPU
		{A636B899-2C2D-4B51-8222-D67FBA7ED894}.Release|Any CPU.Build.0 = Release|Any CPU
		{43456530-3A8B-47ED-8ABA-2E27070E5C64}.Debug|Any CPU.ActiveCfg = Debug|Any CPU
		{43456530-3A8B-47ED-8ABA-2E27070E5C64}.Debug|Any CPU.Build.0 = Debug|Any CPU
		{43456530-3A8B-47ED-8ABA-2E27070E5C64}.Release|Any CPU.ActiveCfg = Release|Any CPU
		{43456530-3A8B-47ED-8ABA-2E27070E5C64}.Release|Any CPU.Build.0 = Release|Any CPU
		{0008E9A9-B4C4-479B-B401-459EEB686D03}.Debug|Any CPU.ActiveCfg = Debug|Any CPU
		{0008E9A9-B4C4-479B-B401-459EEB686D03}.Debug|Any CPU.Build.0 = Debug|Any CPU
		{0008E9A9-B4C4-479B-B401-459EEB686D03}.Release|Any CPU.ActiveCfg = Release|Any CPU
		{0008E9A9-B4C4-479B-B401-459EEB686D03}.Release|Any CPU.Build.0 = Release|Any CPU
	EndGlobalSection
	GlobalSection(SolutionProperties) = preSolution
		HideSolutionNode = FALSE
	EndGlobalSection
	GlobalSection(ExtensibilityGlobals) = postSolution
		SolutionGuid = {639975A7-A551-4A11-B45E-D84B38422434}
	EndGlobalSection
EndGlobal
